
Microsoft Visual Studio Solution File, Format Version 12.00
# Visual Studio 15
VisualStudioVersion = 15.0.28307.168
MinimumVisualStudioVersion = 10.0.40219.1
Project("{FAE04EC0-301F-11D3-BF4B-00C04F79EFBC}") = "Testproject.API", "Testproject\Testproject.API.csproj", "{62F5C89F-0AC3-4F36-9D0C-138BB1211B3E}"
EndProject
Project("{FAE04EC0-301F-11D3-BF4B-00C04F79EFBC}") = "Testproject.Web", "Testproject.Web\Testproject.Web.csproj", "{C9AB7AAE-9B60-48BC-83E4-396D554F5EE1}"
EndProject
Global
	GlobalSection(SolutionConfigurationPlatforms) = preSolution
		Debug|Any CPU = Debug|Any CPU
		Release|Any CPU = Release|Any CPU
	EndGlobalSection
	GlobalSection(ProjectConfigurationPlatforms) = postSolution
		{62F5C89F-0AC3-4F36-9D0C-138BB1211B3E}.Debug|Any CPU.ActiveCfg = Debug|Any CPU
		{62F5C89F-0AC3-4F36-9D0C-138BB1211B3E}.Debug|Any CPU.Build.0 = Debug|Any CPU
		{62F5C89F-0AC3-4F36-9D0C-138BB1211B3E}.Release|Any CPU.ActiveCfg = Release|Any CPU
		{62F5C89F-0AC3-4F36-9D0C-138BB1211B3E}.Release|Any CPU.Build.0 = Release|Any CPU
		{C9AB7AAE-9B60-48BC-83E4-396D554F5EE1}.Debug|Any CPU.ActiveCfg = Debug|Any CPU
		{C9AB7AAE-9B60-48BC-83E4-396D554F5EE1}.Debug|Any CPU.Build.0 = Debug|Any CPU
		{C9AB7AAE-9B60-48BC-83E4-396D554F5EE1}.Release|Any CPU.ActiveCfg = Release|Any CPU
		{C9AB7AAE-9B60-48BC-83E4-396D554F5EE1}.Release|Any CPU.Build.0 = Release|Any CPU
	EndGlobalSection
	GlobalSection(SolutionProperties) = preSolution
		HideSolutionNode = FALSE
	EndGlobalSection
	GlobalSection(ExtensibilityGlobals) = postSolution
		SolutionGuid = {8DDE6764-C606-4663-B1AA-5594EBE91625}
	EndGlobalSection
EndGlobal
